
Microsoft Visual Studio Solution File, Format Version 12.00
# Visual Studio Version 17
VisualStudioVersion = 17.8.34309.116
MinimumVisualStudioVersion = 10.0.40219.1
Project("{FAE04EC0-301F-11D3-BF4B-00C04F79EFBC}") = "ForgotpasswordResetChange", "ForgotpasswordResetChange\ForgotpasswordResetChange.csproj", "{510E3934-E2CC-4D59-9AC5-5C16CD2482CB}"
EndProject
Project("{FAE04EC0-301F-11D3-BF4B-00C04F79EFBC}") = "ForotpasswordResetChange.Domain", "ForotpasswordResetChange.Domain\ForotpasswordResetChange.Domain.csproj", "{2A9D0EC6-0F92-42A8-BB1D-CFD4C58DC219}"
EndProject
Project("{FAE04EC0-301F-11D3-BF4B-00C04F79EFBC}") = "ForotpasswordResetChange.Data", "ForotpasswordResetChange.Data\ForotpasswordResetChange.Data.csproj", "{0EC66856-9132-47C4-8053-9DA62DCE2A4B}"
EndProject
Global
	GlobalSection(SolutionConfigurationPlatforms) = preSolution
		Debug|Any CPU = Debug|Any CPU
		Release|Any CPU = Release|Any CPU
	EndGlobalSection
	GlobalSection(ProjectConfigurationPlatforms) = postSolution
		{510E3934-E2CC-4D59-9AC5-5C16CD2482CB}.Debug|Any CPU.ActiveCfg = Debug|Any CPU
		{510E3934-E2CC-4D59-9AC5-5C16CD2482CB}.Debug|Any CPU.Build.0 = Debug|Any CPU
		{510E3934-E2CC-4D59-9AC5-5C16CD2482CB}.Release|Any CPU.ActiveCfg = Release|Any CPU
		{510E3934-E2CC-4D59-9AC5-5C16CD2482CB}.Release|Any CPU.Build.0 = Release|Any CPU
		{2A9D0EC6-0F92-42A8-BB1D-CFD4C58DC219}.Debug|Any CPU.ActiveCfg = Debug|Any CPU
		{2A9D0EC6-0F92-42A8-BB1D-CFD4C58DC219}.Debug|Any CPU.Build.0 = Debug|Any CPU
		{2A9D0EC6-0F92-42A8-BB1D-CFD4C58DC219}.Release|Any CPU.ActiveCfg = Release|Any CPU
		{2A9D0EC6-0F92-42A8-BB1D-CFD4C58DC219}.Release|Any CPU.Build.0 = Release|Any CPU
		{0EC66856-9132-47C4-8053-9DA62DCE2A4B}.Debug|Any CPU.ActiveCfg = Debug|Any CPU
		{0EC66856-9132-47C4-8053-9DA62DCE2A4B}.Debug|Any CPU.Build.0 = Debug|Any CPU
		{0EC66856-9132-47C4-8053-9DA62DCE2A4B}.Release|Any CPU.ActiveCfg = Release|Any CPU
		{0EC66856-9132-47C4-8053-9DA62DCE2A4B}.Release|Any CPU.Build.0 = Release|Any CPU
	EndGlobalSection
	GlobalSection(SolutionProperties) = preSolution
		HideSolutionNode = FALSE
	EndGlobalSection
	GlobalSection(ExtensibilityGlobals) = postSolution
		SolutionGuid = {54540A2F-F4C8-46C7-AE16-7B5F04F5D509}
	EndGlobalSection
EndGlobal
